
Microsoft Visual Studio Solution File, Format Version 12.00
# Visual Studio Version 16
VisualStudioVersion = 16.0.29409.12
MinimumVisualStudioVersion = 10.0.40219.1
Project("{9A19103F-16F7-4668-BE54-9A1E7A4F7556}") = "API", "API\API.csproj", "{2E77169D-FCE0-422C-AF82-0B0BAFF6FCB7}"
EndProject
Project("{9A19103F-16F7-4668-BE54-9A1E7A4F7556}") = "API.IntegrationTests", "API.IntegrationTests\API.IntegrationTests.csproj", "{941BDDE3-3366-48F4-A45B-4E373E0EE5BB}"
EndProject
Global
	GlobalSection(SolutionConfigurationPlatforms) = preSolution
		Debug|Any CPU = Debug|Any CPU
		Debug|x64 = Debug|x64
		Debug|x86 = Debug|x86
		Release|Any CPU = Release|Any CPU
		Release|x64 = Release|x64
		Release|x86 = Release|x86
	EndGlobalSection
	GlobalSection(ProjectConfigurationPlatforms) = postSolution
		{2E77169D-FCE0-422C-AF82-0B0BAFF6FCB7}.Debug|Any CPU.ActiveCfg = Debug|Any CPU
		{2E77169D-FCE0-422C-AF82-0B0BAFF6FCB7}.Debug|Any CPU.Build.0 = Debug|Any CPU
		{2E77169D-FCE0-422C-AF82-0B0BAFF6FCB7}.Debug|x64.ActiveCfg = Debug|Any CPU
		{2E77169D-FCE0-422C-AF82-0B0BAFF6FCB7}.Debug|x64.Build.0 = Debug|Any CPU
		{2E77169D-FCE0-422C-AF82-0B0BAFF6FCB7}.Debug|x86.ActiveCfg = Debug|Any CPU
		{2E77169D-FCE0-422C-AF82-0B0BAFF6FCB7}.Debug|x86.Build.0 = Debug|Any CPU
		{2E77169D-FCE0-422C-AF82-0B0BAFF6FCB7}.Release|Any CPU.ActiveCfg = Release|Any CPU
		{2E77169D-FCE0-422C-AF82-0B0BAFF6FCB7}.Release|Any CPU.Build.0 = Release|Any CPU
		{2E77169D-FCE0-422C-AF82-0B0BAFF6FCB7}.Release|x64.ActiveCfg = Release|Any CPU
		{2E77169D-FCE0-422C-AF82-0B0BAFF6FCB7}.Release|x64.Build.0 = Release|Any CPU
		{2E77169D-FCE0-422C-AF82-0B0BAFF6FCB7}.Release|x86.ActiveCfg = Release|Any CPU
		{2E77169D-FCE0-422C-AF82-0B0BAFF6FCB7}.Release|x86.Build.0 = Release|Any CPU
		{941BDDE3-3366-48F4-A45B-4E373E0EE5BB}.Debug|Any CPU.ActiveCfg = Debug|Any CPU
		{941BDDE3-3366-48F4-A45B-4E373E0EE5BB}.Debug|Any CPU.Build.0 = Debug|Any CPU
		{941BDDE3-3366-48F4-A45B-4E373E0EE5BB}.Debug|x64.ActiveCfg = Debug|Any CPU
		{941BDDE3-3366-48F4-A45B-4E373E0EE5BB}.Debug|x64.Build.0 = Debug|Any CPU
		{941BDDE3-3366-48F4-A45B-4E373E0EE5BB}.Debug|x86.ActiveCfg = Debug|Any CPU
		{941BDDE3-3366-48F4-A45B-4E373E0EE5BB}.Debug|x86.Build.0 = Debug|Any CPU
		{941BDDE3-3366-48F4-A45B-4E373E0EE5BB}.Release|Any CPU.ActiveCfg = Release|Any CPU
		{941BDDE3-3366-48F4-A45B-4E373E0EE5BB}.Release|Any CPU.Build.0 = Release|Any CPU
		{941BDDE3-3366-48F4-A45B-4E373E0EE5BB}.Release|x64.ActiveCfg = Release|Any CPU
		{941BDDE3-3366-48F4-A45B-4E373E0EE5BB}.Release|x64.Build.0 = Release|Any CPU
		{941BDDE3-3366-48F4-A45B-4E373E0EE5BB}.Release|x86.ActiveCfg = Release|Any CPU
		{941BDDE3-3366-48F4-A45B-4E373E0EE5BB}.Release|x86.Build.0 = Release|Any CPU
	EndGlobalSection
	GlobalSection(SolutionProperties) = preSolution
		HideSolutionNode = FALSE
	EndGlobalSection
	GlobalSection(ExtensibilityGlobals) = postSolution
		SolutionGuid = {5C4DCB95-CE91-4AAE-AD65-610C7A9B79F9}
	EndGlobalSection
EndGlobal
